
Microsoft Visual Studio Solution File, Format Version 12.00
# Visual Studio Version 17
VisualStudioVersion = 17.6.33829.357
MinimumVisualStudioVersion = 10.0.40219.1
Project("{9A19103F-16F7-4668-BE54-9A1E7A4F7556}") = "ExerciseClassesProprieties", "ExerciseClassesProprieties\ExerciseClassesProprieties.csproj", "{B20CE021-E8A3-452C-B1CE-667F9A1E97AC}"
EndProject
Project("{9A19103F-16F7-4668-BE54-9A1E7A4F7556}") = "ExGeometry", "ExGeometry\ExGeometry.csproj", "{0B4E816B-17AD-4DBB-AC05-5131CC510EED}"
EndProject
Project("{FAE04EC0-301F-11D3-BF4B-00C04F79EFBC}") = "Operators", "Operators\Operators.csproj", "{3D0F67CA-068F-4565-B80E-22C807E667CA}"
EndProject
Global
	GlobalSection(SolutionConfigurationPlatforms) = preSolution
		Debug|Any CPU = Debug|Any CPU
		Release|Any CPU = Release|Any CPU
	EndGlobalSection
	GlobalSection(ProjectConfigurationPlatforms) = postSolution
		{B20CE021-E8A3-452C-B1CE-667F9A1E97AC}.Debug|Any CPU.ActiveCfg = Debug|Any CPU
		{B20CE021-E8A3-452C-B1CE-667F9A1E97AC}.Debug|Any CPU.Build.0 = Debug|Any CPU
		{B20CE021-E8A3-452C-B1CE-667F9A1E97AC}.Release|Any CPU.ActiveCfg = Release|Any CPU
		{B20CE021-E8A3-452C-B1CE-667F9A1E97AC}.Release|Any CPU.Build.0 = Release|Any CPU
		{0B4E816B-17AD-4DBB-AC05-5131CC510EED}.Debug|Any CPU.ActiveCfg = Debug|Any CPU
		{0B4E816B-17AD-4DBB-AC05-5131CC510EED}.Debug|Any CPU.Build.0 = Debug|Any CPU
		{0B4E816B-17AD-4DBB-AC05-5131CC510EED}.Release|Any CPU.ActiveCfg = Release|Any CPU
		{0B4E816B-17AD-4DBB-AC05-5131CC510EED}.Release|Any CPU.Build.0 = Release|Any CPU
		{3D0F67CA-068F-4565-B80E-22C807E667CA}.Debug|Any CPU.ActiveCfg = Debug|Any CPU
		{3D0F67CA-068F-4565-B80E-22C807E667CA}.Debug|Any CPU.Build.0 = Debug|Any CPU
		{3D0F67CA-068F-4565-B80E-22C807E667CA}.Release|Any CPU.ActiveCfg = Release|Any CPU
		{3D0F67CA-068F-4565-B80E-22C807E667CA}.Release|Any CPU.Build.0 = Release|Any CPU
	EndGlobalSection
	GlobalSection(SolutionProperties) = preSolution
		HideSolutionNode = FALSE
	EndGlobalSection
	GlobalSection(ExtensibilityGlobals) = postSolution
		SolutionGuid = {44FB6ED9-F7BD-42EA-BDB1-4916E6CC39C8}
	EndGlobalSection
EndGlobal
