
Microsoft Visual Studio Solution File, Format Version 12.00
# Visual Studio Version 17
VisualStudioVersion = 17.4.33205.214
MinimumVisualStudioVersion = 10.0.40219.1
Project("{9A19103F-16F7-4668-BE54-9A1E7A4F7556}") = "Esercizio1", "Esercizio1\Esercizio1.csproj", "{55E657ED-22B2-49D4-B785-BE70C88B6350}"
EndProject
Project("{FAE04EC0-301F-11D3-BF4B-00C04F79EFBC}") = "Battaglia_Navale", "Battaglia_Navale\Battaglia_Navale.csproj", "{4576EB52-E909-4B05-8B76-F1357EC91205}"
EndProject
Global
	GlobalSection(SolutionConfigurationPlatforms) = preSolution
		Debug|Any CPU = Debug|Any CPU
		Release|Any CPU = Release|Any CPU
	EndGlobalSection
	GlobalSection(ProjectConfigurationPlatforms) = postSolution
		{55E657ED-22B2-49D4-B785-BE70C88B6350}.Debug|Any CPU.ActiveCfg = Debug|Any CPU
		{55E657ED-22B2-49D4-B785-BE70C88B6350}.Debug|Any CPU.Build.0 = Debug|Any CPU
		{55E657ED-22B2-49D4-B785-BE70C88B6350}.Release|Any CPU.ActiveCfg = Release|Any CPU
		{55E657ED-22B2-49D4-B785-BE70C88B6350}.Release|Any CPU.Build.0 = Release|Any CPU
		{4576EB52-E909-4B05-8B76-F1357EC91205}.Debug|Any CPU.ActiveCfg = Debug|Any CPU
		{4576EB52-E909-4B05-8B76-F1357EC91205}.Debug|Any CPU.Build.0 = Debug|Any CPU
		{4576EB52-E909-4B05-8B76-F1357EC91205}.Release|Any CPU.ActiveCfg = Release|Any CPU
		{4576EB52-E909-4B05-8B76-F1357EC91205}.Release|Any CPU.Build.0 = Release|Any CPU
	EndGlobalSection
	GlobalSection(SolutionProperties) = preSolution
		HideSolutionNode = FALSE
	EndGlobalSection
	GlobalSection(ExtensibilityGlobals) = postSolution
		SolutionGuid = {F101AB17-13B2-407B-B715-53A8E0591E3C}
	EndGlobalSection
EndGlobal
