
Microsoft Visual Studio Solution File, Format Version 12.00
# Visual Studio Version 17
VisualStudioVersion = 17.4.33205.214
MinimumVisualStudioVersion = 10.0.40219.1
Project("{FAE04EC0-301F-11D3-BF4B-00C04F79EFBC}") = "PrimoEsercizioWPF", "PrimoEsercizioWPF\PrimoEsercizioWPF.csproj", "{E11CAB95-540C-43E9-AB92-4D80BD9E6AE5}"
EndProject
Global
	GlobalSection(SolutionConfigurationPlatforms) = preSolution
		Debug|Any CPU = Debug|Any CPU
		Release|Any CPU = Release|Any CPU
	EndGlobalSection
	GlobalSection(ProjectConfigurationPlatforms) = postSolution
		{E11CAB95-540C-43E9-AB92-4D80BD9E6AE5}.Debug|Any CPU.ActiveCfg = Debug|Any CPU
		{E11CAB95-540C-43E9-AB92-4D80BD9E6AE5}.Debug|Any CPU.Build.0 = Debug|Any CPU
		{E11CAB95-540C-43E9-AB92-4D80BD9E6AE5}.Release|Any CPU.ActiveCfg = Release|Any CPU
		{E11CAB95-540C-43E9-AB92-4D80BD9E6AE5}.Release|Any CPU.Build.0 = Release|Any CPU
	EndGlobalSection
	GlobalSection(SolutionProperties) = preSolution
		HideSolutionNode = FALSE
	EndGlobalSection
	GlobalSection(ExtensibilityGlobals) = postSolution
		SolutionGuid = {AB03E0C1-E021-4E00-8D6A-8611233FFA56}
	EndGlobalSection
EndGlobal
