
Microsoft Visual Studio Solution File, Format Version 12.00
# Visual Studio Version 17
VisualStudioVersion = 17.5.33502.453
MinimumVisualStudioVersion = 10.0.40219.1
Project("{FAE04EC0-301F-11D3-BF4B-00C04F79EFBC}") = "ProcessorEmulator", "ProcessorEmulator\ProcessorEmulator.csproj", "{785BD567-BC89-487D-A97A-694341B1390C}"
EndProject
Global
	GlobalSection(SolutionConfigurationPlatforms) = preSolution
		Debug|Any CPU = Debug|Any CPU
		Release|Any CPU = Release|Any CPU
	EndGlobalSection
	GlobalSection(ProjectConfigurationPlatforms) = postSolution
		{785BD567-BC89-487D-A97A-694341B1390C}.Debug|Any CPU.ActiveCfg = Debug|Any CPU
		{785BD567-BC89-487D-A97A-694341B1390C}.Debug|Any CPU.Build.0 = Debug|Any CPU
		{785BD567-BC89-487D-A97A-694341B1390C}.Release|Any CPU.ActiveCfg = Release|Any CPU
		{785BD567-BC89-487D-A97A-694341B1390C}.Release|Any CPU.Build.0 = Release|Any CPU
	EndGlobalSection
	GlobalSection(SolutionProperties) = preSolution
		HideSolutionNode = FALSE
	EndGlobalSection
	GlobalSection(ExtensibilityGlobals) = postSolution
		SolutionGuid = {43220096-52EA-48E2-8815-59C2496E65D6}
	EndGlobalSection
EndGlobal
