
Microsoft Visual Studio Solution File, Format Version 12.00
# Visual Studio Version 17
VisualStudioVersion = 17.5.33502.453
MinimumVisualStudioVersion = 10.0.40219.1
Project("{FAE04EC0-301F-11D3-BF4B-00C04F79EFBC}") = "TextFiles", "TextFiles\TextFiles.csproj", "{C73418CF-196B-4D63-BAF4-A9308F1CABEA}"
EndProject
Global
	GlobalSection(SolutionConfigurationPlatforms) = preSolution
		Debug|Any CPU = Debug|Any CPU
		Release|Any CPU = Release|Any CPU
	EndGlobalSection
	GlobalSection(ProjectConfigurationPlatforms) = postSolution
		{C73418CF-196B-4D63-BAF4-A9308F1CABEA}.Debug|Any CPU.ActiveCfg = Debug|Any CPU
		{C73418CF-196B-4D63-BAF4-A9308F1CABEA}.Debug|Any CPU.Build.0 = Debug|Any CPU
		{C73418CF-196B-4D63-BAF4-A9308F1CABEA}.Release|Any CPU.ActiveCfg = Release|Any CPU
		{C73418CF-196B-4D63-BAF4-A9308F1CABEA}.Release|Any CPU.Build.0 = Release|Any CPU
	EndGlobalSection
	GlobalSection(SolutionProperties) = preSolution
		HideSolutionNode = FALSE
	EndGlobalSection
	GlobalSection(ExtensibilityGlobals) = postSolution
		SolutionGuid = {109023E4-CF09-4FCD-A92F-61E8B5A16E90}
	EndGlobalSection
EndGlobal
