
Microsoft Visual Studio Solution File, Format Version 12.00
# Visual Studio Version 17
VisualStudioVersion = 17.5.33502.453
MinimumVisualStudioVersion = 10.0.40219.1
Project("{9A19103F-16F7-4668-BE54-9A1E7A4F7556}") = "List", "List\List.csproj", "{F02BE058-7316-4C13-B69E-A1DBD92F8AEB}"
EndProject
Project("{9A19103F-16F7-4668-BE54-9A1E7A4F7556}") = "SimpleList", "SimpleList\SimpleList.csproj", "{D3DE09F0-E408-42F0-AC17-0E822D7B1F60}"
EndProject
Project("{9A19103F-16F7-4668-BE54-9A1E7A4F7556}") = "TreesAndLists", "Tree\TreesAndLists.csproj", "{840EF74B-C013-451F-B865-FCA763895E08}"
EndProject
Project("{FAE04EC0-301F-11D3-BF4B-00C04F79EFBC}") = "AlberiListe", "AlberiListe\AlberiListe.csproj", "{708EC093-2533-474B-B8DC-5013CF2C7ABC}"
EndProject
Global
	GlobalSection(SolutionConfigurationPlatforms) = preSolution
		Debug|Any CPU = Debug|Any CPU
		Release|Any CPU = Release|Any CPU
	EndGlobalSection
	GlobalSection(ProjectConfigurationPlatforms) = postSolution
		{F02BE058-7316-4C13-B69E-A1DBD92F8AEB}.Debug|Any CPU.ActiveCfg = Debug|Any CPU
		{F02BE058-7316-4C13-B69E-A1DBD92F8AEB}.Debug|Any CPU.Build.0 = Debug|Any CPU
		{F02BE058-7316-4C13-B69E-A1DBD92F8AEB}.Release|Any CPU.ActiveCfg = Release|Any CPU
		{F02BE058-7316-4C13-B69E-A1DBD92F8AEB}.Release|Any CPU.Build.0 = Release|Any CPU
		{D3DE09F0-E408-42F0-AC17-0E822D7B1F60}.Debug|Any CPU.ActiveCfg = Debug|Any CPU
		{D3DE09F0-E408-42F0-AC17-0E822D7B1F60}.Debug|Any CPU.Build.0 = Debug|Any CPU
		{D3DE09F0-E408-42F0-AC17-0E822D7B1F60}.Release|Any CPU.ActiveCfg = Release|Any CPU
		{D3DE09F0-E408-42F0-AC17-0E822D7B1F60}.Release|Any CPU.Build.0 = Release|Any CPU
		{840EF74B-C013-451F-B865-FCA763895E08}.Debug|Any CPU.ActiveCfg = Debug|Any CPU
		{840EF74B-C013-451F-B865-FCA763895E08}.Debug|Any CPU.Build.0 = Debug|Any CPU
		{840EF74B-C013-451F-B865-FCA763895E08}.Release|Any CPU.ActiveCfg = Release|Any CPU
		{840EF74B-C013-451F-B865-FCA763895E08}.Release|Any CPU.Build.0 = Release|Any CPU
		{708EC093-2533-474B-B8DC-5013CF2C7ABC}.Debug|Any CPU.ActiveCfg = Debug|Any CPU
		{708EC093-2533-474B-B8DC-5013CF2C7ABC}.Debug|Any CPU.Build.0 = Debug|Any CPU
		{708EC093-2533-474B-B8DC-5013CF2C7ABC}.Release|Any CPU.ActiveCfg = Release|Any CPU
		{708EC093-2533-474B-B8DC-5013CF2C7ABC}.Release|Any CPU.Build.0 = Release|Any CPU
	EndGlobalSection
	GlobalSection(SolutionProperties) = preSolution
		HideSolutionNode = FALSE
	EndGlobalSection
	GlobalSection(ExtensibilityGlobals) = postSolution
		SolutionGuid = {47ED710C-FE30-4E31-91D8-08C20F407388}
	EndGlobalSection
EndGlobal
