
Microsoft Visual Studio Solution File, Format Version 12.00
# Visual Studio Version 17
VisualStudioVersion = 17.4.33205.214
MinimumVisualStudioVersion = 10.0.40219.1
Project("{FAE04EC0-301F-11D3-BF4B-00C04F79EFBC}") = "WPF_Files", "WPF_Files\WPF_Files.csproj", "{8BF10CF0-4B32-499D-8A23-4E5AAAE50784}"
EndProject
Global
	GlobalSection(SolutionConfigurationPlatforms) = preSolution
		Debug|Any CPU = Debug|Any CPU
		Release|Any CPU = Release|Any CPU
	EndGlobalSection
	GlobalSection(ProjectConfigurationPlatforms) = postSolution
		{8BF10CF0-4B32-499D-8A23-4E5AAAE50784}.Debug|Any CPU.ActiveCfg = Debug|Any CPU
		{8BF10CF0-4B32-499D-8A23-4E5AAAE50784}.Debug|Any CPU.Build.0 = Debug|Any CPU
		{8BF10CF0-4B32-499D-8A23-4E5AAAE50784}.Release|Any CPU.ActiveCfg = Release|Any CPU
		{8BF10CF0-4B32-499D-8A23-4E5AAAE50784}.Release|Any CPU.Build.0 = Release|Any CPU
	EndGlobalSection
	GlobalSection(SolutionProperties) = preSolution
		HideSolutionNode = FALSE
	EndGlobalSection
	GlobalSection(ExtensibilityGlobals) = postSolution
		SolutionGuid = {F06BC5A1-17CB-4FB5-9925-0E0155B13457}
	EndGlobalSection
EndGlobal
