
Microsoft Visual Studio Solution File, Format Version 12.00
# Visual Studio Version 17
VisualStudioVersion = 17.6.33829.357
MinimumVisualStudioVersion = 10.0.40219.1
Project("{9A19103F-16F7-4668-BE54-9A1E7A4F7556}") = "Funzioni_Primitivi_Vettori", "Funzioni_Primitivi_Vettori\Funzioni_Primitivi_Vettori.csproj", "{7B38DAC6-DD8F-40AF-9100-5BFECE740088}"
EndProject
Project("{FAE04EC0-301F-11D3-BF4B-00C04F79EFBC}") = "Encapsulation", "Encapsulation\Encapsulation.csproj", "{CFD485E9-AA51-457F-A2FE-71A8CC0E26EF}"
EndProject
Global
	GlobalSection(SolutionConfigurationPlatforms) = preSolution
		Debug|Any CPU = Debug|Any CPU
		Release|Any CPU = Release|Any CPU
	EndGlobalSection
	GlobalSection(ProjectConfigurationPlatforms) = postSolution
		{7B38DAC6-DD8F-40AF-9100-5BFECE740088}.Debug|Any CPU.ActiveCfg = Debug|Any CPU
		{7B38DAC6-DD8F-40AF-9100-5BFECE740088}.Debug|Any CPU.Build.0 = Debug|Any CPU
		{7B38DAC6-DD8F-40AF-9100-5BFECE740088}.Release|Any CPU.ActiveCfg = Release|Any CPU
		{7B38DAC6-DD8F-40AF-9100-5BFECE740088}.Release|Any CPU.Build.0 = Release|Any CPU
		{CFD485E9-AA51-457F-A2FE-71A8CC0E26EF}.Debug|Any CPU.ActiveCfg = Debug|Any CPU
		{CFD485E9-AA51-457F-A2FE-71A8CC0E26EF}.Debug|Any CPU.Build.0 = Debug|Any CPU
		{CFD485E9-AA51-457F-A2FE-71A8CC0E26EF}.Release|Any CPU.ActiveCfg = Release|Any CPU
		{CFD485E9-AA51-457F-A2FE-71A8CC0E26EF}.Release|Any CPU.Build.0 = Release|Any CPU
	EndGlobalSection
	GlobalSection(SolutionProperties) = preSolution
		HideSolutionNode = FALSE
	EndGlobalSection
	GlobalSection(ExtensibilityGlobals) = postSolution
		SolutionGuid = {DCC379D0-3CBE-49A1-A5E4-5EACC980D0BA}
	EndGlobalSection
EndGlobal
