
Microsoft Visual Studio Solution File, Format Version 12.00
# Visual Studio Version 17
VisualStudioVersion = 17.6.33829.357
MinimumVisualStudioVersion = 10.0.40219.1
Project("{FAE04EC0-301F-11D3-BF4B-00C04F79EFBC}") = "ProvaConsoleCS", "ProvaConsoleCS\ProvaConsoleCS.csproj", "{405C498D-DED9-4DF1-9AEB-9E5A66B38E28}"
EndProject
Global
	GlobalSection(SolutionConfigurationPlatforms) = preSolution
		Debug|Any CPU = Debug|Any CPU
		Release|Any CPU = Release|Any CPU
	EndGlobalSection
	GlobalSection(ProjectConfigurationPlatforms) = postSolution
		{405C498D-DED9-4DF1-9AEB-9E5A66B38E28}.Debug|Any CPU.ActiveCfg = Debug|Any CPU
		{405C498D-DED9-4DF1-9AEB-9E5A66B38E28}.Debug|Any CPU.Build.0 = Debug|Any CPU
		{405C498D-DED9-4DF1-9AEB-9E5A66B38E28}.Release|Any CPU.ActiveCfg = Release|Any CPU
		{405C498D-DED9-4DF1-9AEB-9E5A66B38E28}.Release|Any CPU.Build.0 = Release|Any CPU
	EndGlobalSection
	GlobalSection(SolutionProperties) = preSolution
		HideSolutionNode = FALSE
	EndGlobalSection
	GlobalSection(ExtensibilityGlobals) = postSolution
		SolutionGuid = {1B57B245-D8DF-48C2-8570-2774F922333D}
	EndGlobalSection
EndGlobal
