
Microsoft Visual Studio Solution File, Format Version 12.00
# Visual Studio Version 17
VisualStudioVersion = 17.4.33205.214
MinimumVisualStudioVersion = 10.0.40219.1
Project("{FAE04EC0-301F-11D3-BF4B-00C04F79EFBC}") = "WPF_APPLICATION", "WPF_APPLICATION.csproj", "{198A5CE2-1FCF-4A73-8511-C3A9163B6699}"
EndProject
Global
	GlobalSection(SolutionConfigurationPlatforms) = preSolution
		Debug|Any CPU = Debug|Any CPU
		Release|Any CPU = Release|Any CPU
	EndGlobalSection
	GlobalSection(ProjectConfigurationPlatforms) = postSolution
		{198A5CE2-1FCF-4A73-8511-C3A9163B6699}.Debug|Any CPU.ActiveCfg = Debug|Any CPU
		{198A5CE2-1FCF-4A73-8511-C3A9163B6699}.Debug|Any CPU.Build.0 = Debug|Any CPU
		{198A5CE2-1FCF-4A73-8511-C3A9163B6699}.Release|Any CPU.ActiveCfg = Release|Any CPU
		{198A5CE2-1FCF-4A73-8511-C3A9163B6699}.Release|Any CPU.Build.0 = Release|Any CPU
	EndGlobalSection
	GlobalSection(SolutionProperties) = preSolution
		HideSolutionNode = FALSE
	EndGlobalSection
	GlobalSection(ExtensibilityGlobals) = postSolution
		SolutionGuid = {487B59AE-8D1E-4B6C-8B07-0C194A8C0194}
	EndGlobalSection
EndGlobal
