
Microsoft Visual Studio Solution File, Format Version 12.00
# Visual Studio Version 17
VisualStudioVersion = 17.6.33829.357
MinimumVisualStudioVersion = 10.0.40219.1
Project("{FAE04EC0-301F-11D3-BF4B-00C04F79EFBC}") = "CalcolatriceWpf", "CalcolatriceWpf\CalcolatriceWpf.csproj", "{568F6E09-CC95-45DF-8C27-D799989B7549}"
EndProject
Global
	GlobalSection(SolutionConfigurationPlatforms) = preSolution
		Debug|Any CPU = Debug|Any CPU
		Release|Any CPU = Release|Any CPU
	EndGlobalSection
	GlobalSection(ProjectConfigurationPlatforms) = postSolution
		{568F6E09-CC95-45DF-8C27-D799989B7549}.Debug|Any CPU.ActiveCfg = Debug|Any CPU
		{568F6E09-CC95-45DF-8C27-D799989B7549}.Debug|Any CPU.Build.0 = Debug|Any CPU
		{568F6E09-CC95-45DF-8C27-D799989B7549}.Release|Any CPU.ActiveCfg = Release|Any CPU
		{568F6E09-CC95-45DF-8C27-D799989B7549}.Release|Any CPU.Build.0 = Release|Any CPU
	EndGlobalSection
	GlobalSection(SolutionProperties) = preSolution
		HideSolutionNode = FALSE
	EndGlobalSection
	GlobalSection(ExtensibilityGlobals) = postSolution
		SolutionGuid = {7A38734E-8122-47A6-9AF4-BF94338B7838}
	EndGlobalSection
EndGlobal
